<Solution>
  <Folder Name="/src/">
    <Project Path="src/PaspanCodeGraph.Core/PaspanCodeGraph.Core.csproj" />
    <Project Path="src/PaspanCodeGraph.Cpp/PaspanCodeGraph.Cpp.csproj" />
    <Project Path="src/PaspanCodeGraph.CSharp/PaspanCodeGraph.CSharp.csproj" />
    <Project Path="src/PaspanCodeGraph.Metadata/PaspanCodeGraph.Metadata.csproj" />
    <Project Path="src/PaspanCodeGraph.Search/PaspanCodeGraph.Search.csproj" />
    <Project Path="src/PaspanCodeGraph.Workspace/PaspanCodeGraph.Workspace.csproj" />
    <Project Path="src/PaspanCodeGraphMcp/PaspanCodeGraphMcp.csproj" />
  </Folder>
  <Folder Name="/tests/">
    <Project Path="tests/PaspanCodeGraph.Tests/PaspanCodeGraph.Tests.csproj" />
  </Folder>
  <Folder Name="/external/">
    <Project Path="external/PaspanParsers/src/Paspan/Paspan.csproj" />
    <Project Path="external/PaspanParsers/src/PaspanParsers/PaspanParsers.csproj" />
  </Folder>
</Solution>
